{
  "name": "core-cms",
  "version": "1.0.0",
  "lockfileVersion": 3,
  "requires": true,
  "packages": {
    "": {
      "dependencies": {
        "@grafikart/drop-files-element": "^1.0.9",
        "flatpickr": "^4.6.13",
        "htm": "^3.1.1",
        "lodash": "^4.17.21",
        "preact": "^10.27.0",
        "react-com": "^1.0.6"
      },
      "devDependencies": {
        "@types/lodash": "^4.17.20"
      }
    },
    "node_modules/@grafikart/drop-files-element": {
      "version": "1.0.9",
      "resolved": "https://registry.npmjs.org/@grafikart/drop-files-element/-/drop-files-element-1.0.9.tgz",
      "integrity": "sha512-Eo2T8bQ30plnT+FOPW8xtGhe6+qDdbhT1IOeA0G18AiSI8nJF9LlmyZLh+PSy6UUnv3+6TMa3QOQIo/zroJQ4g==",
      "license": "MIT"
    },
    "node_modules/@types/lodash": {
      "version": "4.17.20",
      "resolved": "https://registry.npmjs.org/@types/lodash/-/lodash-4.17.20.tgz",
      "integrity": "sha512-H3MHACvFUEiujabxhaI/ImO6gUrd8oOurg7LQtS7mbwIXA/cUqWrvBsaeJ23aZEPk1TAYkurjfMbSELfoCXlGA==",
      "dev": true,
      "license": "MIT"
    },
    "node_modules/flatpickr": {
      "version": "4.6.13",
      "resolved": "https://registry.npmjs.org/flatpickr/-/flatpickr-4.6.13.tgz",
      "integrity": "sha512-97PMG/aywoYpB4IvbvUJi0RQi8vearvU0oov1WW3k0WZPBMrTQVqekSX5CjSG/M4Q3i6A/0FKXC7RyAoAUUSPw==",
      "license": "MIT"
    },
    "node_modules/htm": {
      "version": "3.1.1",
      "resolved": "https://registry.npmjs.org/htm/-/htm-3.1.1.tgz",
      "integrity": "sha512-983Vyg8NwUE7JkZ6NmOqpCZ+sh1bKv2iYTlUkzlWmA5JD2acKoxd4KVxbMmxX/85mtfdnDmTFoNKcg5DGAvxNQ==",
      "license": "Apache-2.0"
    },
    "node_modules/lodash": {
      "version": "4.17.21",
      "resolved": "https://registry.npmjs.org/lodash/-/lodash-4.17.21.tgz",
      "integrity": "sha512-v2kDEe57lecTulaDIuNTPy3Ry4gLGJ6Z1O3vE1krgXZNrsQ+LFTGHVxVjcXPs17LhbZVGedAJv8XZ1tvj5FvSg==",
      "license": "MIT"
    },
    "node_modules/preact": {
      "version": "10.27.0",
      "resolved": "https://registry.npmjs.org/preact/-/preact-10.27.0.tgz",
      "integrity": "sha512-/DTYoB6mwwgPytiqQTh/7SFRL98ZdiD8Sk8zIUVOxtwq4oWcwrcd1uno9fE/zZmUaUrFNYzbH14CPebOz9tZQw==",
      "license": "MIT",
      "funding": {
        "type": "opencollective",
        "url": "https://opencollective.com/preact"
      }
    },
    "node_modules/react-com": {
      "version": "1.0.6",
      "resolved": "https://registry.npmjs.org/react-com/-/react-com-1.0.6.tgz",
      "integrity": "sha512-0rlakKEd0wEHDzy+KR3k7t15DIoPd3DHs5nGuaF1PELEAYamtiCciATZcKdUV1c+oC8sJblAgG356e2S/4PxqQ==",
      "license": "ISC"
    }
  }
}
